
Microsoft Visual Studio Solution File, Format Version 12.00
# Visual Studio Version 17
VisualStudioVersion = 17.13.35931.197
MinimumVisualStudioVersion = 10.0.40219.1
Project("{2150E333-8FDC-42A3-9474-1A3956D46DE8}") = "ソリューション項目", "ソリューション項目", "{2022CB0F-8BAF-F49E-0C48-8EF4C96EC109}"
	ProjectSection(SolutionItems) = preProject
		.editorconfig = .editorconfig
	EndProjectSection
EndProject
Project("{8BC9CEB8-8B4A-11D0-8D11-00A0C91BC942}") = "01-02", "01-02\01-02.vcxproj", "{FD038878-025F-49E0-9E36-31CBF6497FCC}"
EndProject
Project("{8BC9CEB8-8B4A-11D0-8D11-00A0C91BC942}") = "02-01", "02-01\02-01.vcxproj", "{C130A818-7D3F-4171-8519-F801D562B365}"
EndProject
Project("{8BC9CEB8-8B4A-11D0-8D11-00A0C91BC942}") = "00-01", "00-01\00-01.vcxproj", "{36C0EDB6-CC2D-4914-AE1B-A9153CEAB538}"
EndProject
Project("{8BC9CEB8-8B4A-11D0-8D11-00A0C91BC942}") = "01-01", "01-01\01-01.vcxproj", "{2FC0B19F-C535-497E-A800-FC7A7E0107A9}"
EndProject
Project("{8BC9CEB8-8B4A-11D0-8D11-00A0C91BC942}") = "02-02", "02-02\02-02.vcxproj", "{7C67B74F-A0A3-433A-8440-B28CFFC1810A}"
EndProject
Project("{8BC9CEB8-8B4A-11D0-8D11-00A0C91BC942}") = "02-03", "02-03\02-03.vcxproj", "{2B629DDA-A770-4646-84ED-1AA09D9C4999}"
EndProject
Project("{8BC9CEB8-8B4A-11D0-8D11-00A0C91BC942}") = "02-04", "02-04\02-04.vcxproj", "{401A6AED-7B68-42A2-979E-46FF158574BE}"
EndProject
Project("{8BC9CEB8-8B4A-11D0-8D11-00A0C91BC942}") = "03-01", "03-01\03-01.vcxproj", "{111ADFF1-E032-4144-9E7B-0625F6679986}"
EndProject
Project("{8BC9CEB8-8B4A-11D0-8D11-00A0C91BC942}") = "03-02", "03-02\03-02.vcxproj", "{0E57C2E8-E3C1-4059-A2D1-2E34DFF04276}"
EndProject
Project("{8BC9CEB8-8B4A-11D0-8D11-00A0C91BC942}") = "03-03", "03-03\03-03.vcxproj", "{1CE0C345-7A7A-4072-8E69-F47C950C87D9}"
EndProject
Project("{8BC9CEB8-8B4A-11D0-8D11-00A0C91BC942}") = "03-04", "03-04\03-04.vcxproj", "{74208C80-316E-4EF3-8EC8-D73A2B6F1197}"
EndProject
Project("{8BC9CEB8-8B4A-11D0-8D11-00A0C91BC942}") = "04-01", "04-01\04-01.vcxproj", "{B97778C4-5502-4942-A3FB-46B0D923E6FF}"
EndProject
Global
	GlobalSection(SolutionConfigurationPlatforms) = preSolution
		Debug|x64 = Debug|x64
		Debug|x86 = Debug|x86
		Release|x64 = Release|x64
		Release|x86 = Release|x86
	EndGlobalSection
	GlobalSection(ProjectConfigurationPlatforms) = postSolution
		{FD038878-025F-49E0-9E36-31CBF6497FCC}.Debug|x64.ActiveCfg = Debug|x64
		{FD038878-025F-49E0-9E36-31CBF6497FCC}.Debug|x64.Build.0 = Debug|x64
		{FD038878-025F-49E0-9E36-31CBF6497FCC}.Debug|x86.ActiveCfg = Debug|Win32
		{FD038878-025F-49E0-9E36-31CBF6497FCC}.Debug|x86.Build.0 = Debug|Win32
		{FD038878-025F-49E0-9E36-31CBF6497FCC}.Release|x64.ActiveCfg = Release|x64
		{FD038878-025F-49E0-9E36-31CBF6497FCC}.Release|x64.Build.0 = Release|x64
		{FD038878-025F-49E0-9E36-31CBF6497FCC}.Release|x86.ActiveCfg = Release|Win32
		{FD038878-025F-49E0-9E36-31CBF6497FCC}.Release|x86.Build.0 = Release|Win32
		{C130A818-7D3F-4171-8519-F801D562B365}.Debug|x64.ActiveCfg = Debug|x64
		{C130A818-7D3F-4171-8519-F801D562B365}.Debug|x64.Build.0 = Debug|x64
		{C130A818-7D3F-4171-8519-F801D562B365}.Debug|x86.ActiveCfg = Debug|Win32
		{C130A818-7D3F-4171-8519-F801D562B365}.Debug|x86.Build.0 = Debug|Win32
		{C130A818-7D3F-4171-8519-F801D562B365}.Release|x64.ActiveCfg = Release|x64
		{C130A818-7D3F-4171-8519-F801D562B365}.Release|x64.Build.0 = Release|x64
		{C130A818-7D3F-4171-8519-F801D562B365}.Release|x86.ActiveCfg = Release|Win32
		{C130A818-7D3F-4171-8519-F801D562B365}.Release|x86.Build.0 = Release|Win32
		{36C0EDB6-CC2D-4914-AE1B-A9153CEAB538}.Debug|x64.ActiveCfg = Debug|x64
		{36C0EDB6-CC2D-4914-AE1B-A9153CEAB538}.Debug|x64.Build.0 = Debug|x64
		{36C0EDB6-CC2D-4914-AE1B-A9153CEAB538}.Debug|x86.ActiveCfg = Debug|Win32
		{36C0EDB6-CC2D-4914-AE1B-A9153CEAB538}.Debug|x86.Build.0 = Debug|Win32
		{36C0EDB6-CC2D-4914-AE1B-A9153CEAB538}.Release|x64.ActiveCfg = Release|x64
		{36C0EDB6-CC2D-4914-AE1B-A9153CEAB538}.Release|x64.Build.0 = Release|x64
		{36C0EDB6-CC2D-4914-AE1B-A9153CEAB538}.Release|x86.ActiveCfg = Release|Win32
		{36C0EDB6-CC2D-4914-AE1B-A9153CEAB538}.Release|x86.Build.0 = Release|Win32
		{2FC0B19F-C535-497E-A800-FC7A7E0107A9}.Debug|x64.ActiveCfg = Debug|x64
		{2FC0B19F-C535-497E-A800-FC7A7E0107A9}.Debug|x64.Build.0 = Debug|x64
		{2FC0B19F-C535-497E-A800-FC7A7E0107A9}.Debug|x86.ActiveCfg = Debug|Win32
		{2FC0B19F-C535-497E-A800-FC7A7E0107A9}.Debug|x86.Build.0 = Debug|Win32
		{2FC0B19F-C535-497E-A800-FC7A7E0107A9}.Release|x64.ActiveCfg = Release|x64
		{2FC0B19F-C535-497E-A800-FC7A7E0107A9}.Release|x64.Build.0 = Release|x64
		{2FC0B19F-C535-497E-A800-FC7A7E0107A9}.Release|x86.ActiveCfg = Release|Win32
		{2FC0B19F-C535-497E-A800-FC7A7E0107A9}.Release|x86.Build.0 = Release|Win32
		{7C67B74F-A0A3-433A-8440-B28CFFC1810A}.Debug|x64.ActiveCfg = Debug|x64
		{7C67B74F-A0A3-433A-8440-B28CFFC1810A}.Debug|x64.Build.0 = Debug|x64
		{7C67B74F-A0A3-433A-8440-B28CFFC1810A}.Debug|x86.ActiveCfg = Debug|Win32
		{7C67B74F-A0A3-433A-8440-B28CFFC1810A}.Debug|x86.Build.0 = Debug|Win32
		{7C67B74F-A0A3-433A-8440-B28CFFC1810A}.Release|x64.ActiveCfg = Release|x64
		{7C67B74F-A0A3-433A-8440-B28CFFC1810A}.Release|x64.Build.0 = Release|x64
		{7C67B74F-A0A3-433A-8440-B28CFFC1810A}.Release|x86.ActiveCfg = Release|Win32
		{7C67B74F-A0A3-433A-8440-B28CFFC1810A}.Release|x86.Build.0 = Release|Win32
		{2B629DDA-A770-4646-84ED-1AA09D9C4999}.Debug|x64.ActiveCfg = Debug|x64
		{2B629DDA-A770-4646-84ED-1AA09D9C4999}.Debug|x64.Build.0 = Debug|x64
		{2B629DDA-A770-4646-84ED-1AA09D9C4999}.Debug|x86.ActiveCfg = Debug|Win32
		{2B629DDA-A770-4646-84ED-1AA09D9C4999}.Debug|x86.Build.0 = Debug|Win32
		{2B629DDA-A770-4646-84ED-1AA09D9C4999}.Release|x64.ActiveCfg = Release|x64
		{2B629DDA-A770-4646-84ED-1AA09D9C4999}.Release|x64.Build.0 = Release|x64
		{2B629DDA-A770-4646-84ED-1AA09D9C4999}.Release|x86.ActiveCfg = Release|Win32
		{2B629DDA-A770-4646-84ED-1AA09D9C4999}.Release|x86.Build.0 = Release|Win32
		{401A6AED-7B68-42A2-979E-46FF158574BE}.Debug|x64.ActiveCfg = Debug|x64
		{401A6AED-7B68-42A2-979E-46FF158574BE}.Debug|x64.Build.0 = Debug|x64
		{401A6AED-7B68-42A2-979E-46FF158574BE}.Debug|x86.ActiveCfg = Debug|Win32
		{401A6AED-7B68-42A2-979E-46FF158574BE}.Debug|x86.Build.0 = Debug|Win32
		{401A6AED-7B68-42A2-979E-46FF158574BE}.Release|x64.ActiveCfg = Release|x64
		{401A6AED-7B68-42A2-979E-46FF158574BE}.Release|x64.Build.0 = Release|x64
		{401A6AED-7B68-42A2-979E-46FF158574BE}.Release|x86.ActiveCfg = Release|Win32
		{401A6AED-7B68-42A2-979E-46FF158574BE}.Release|x86.Build.0 = Release|Win32
		{111ADFF1-E032-4144-9E7B-0625F6679986}.Debug|x64.ActiveCfg = Debug|x64
		{111ADFF1-E032-4144-9E7B-0625F6679986}.Debug|x64.Build.0 = Debug|x64
		{111ADFF1-E032-4144-9E7B-0625F6679986}.Debug|x86.ActiveCfg = Debug|Win32
		{111ADFF1-E032-4144-9E7B-0625F6679986}.Debug|x86.Build.0 = Debug|Win32
		{111ADFF1-E032-4144-9E7B-0625F6679986}.Release|x64.ActiveCfg = Release|x64
		{111ADFF1-E032-4144-9E7B-0625F6679986}.Release|x64.Build.0 = Release|x64
		{111ADFF1-E032-4144-9E7B-0625F6679986}.Release|x86.ActiveCfg = Release|Win32
		{111ADFF1-E032-4144-9E7B-0625F6679986}.Release|x86.Build.0 = Release|Win32
		{0E57C2E8-E3C1-4059-A2D1-2E34DFF04276}.Debug|x64.ActiveCfg = Debug|x64
		{0E57C2E8-E3C1-4059-A2D1-2E34DFF04276}.Debug|x64.Build.0 = Debug|x64
		{0E57C2E8-E3C1-4059-A2D1-2E34DFF04276}.Debug|x86.ActiveCfg = Debug|Win32
		{0E57C2E8-E3C1-4059-A2D1-2E34DFF04276}.Debug|x86.Build.0 = Debug|Win32
		{0E57C2E8-E3C1-4059-A2D1-2E34DFF04276}.Release|x64.ActiveCfg = Release|x64
		{0E57C2E8-E3C1-4059-A2D1-2E34DFF04276}.Release|x64.Build.0 = Release|x64
		{0E57C2E8-E3C1-4059-A2D1-2E34DFF04276}.Release|x86.ActiveCfg = Release|Win32
		{0E57C2E8-E3C1-4059-A2D1-2E34DFF04276}.Release|x86.Build.0 = Release|Win32
		{1CE0C345-7A7A-4072-8E69-F47C950C87D9}.Debug|x64.ActiveCfg = Debug|x64
		{1CE0C345-7A7A-4072-8E69-F47C950C87D9}.Debug|x64.Build.0 = Debug|x64
		{1CE0C345-7A7A-4072-8E69-F47C950C87D9}.Debug|x86.ActiveCfg = Debug|Win32
		{1CE0C345-7A7A-4072-8E69-F47C950C87D9}.Debug|x86.Build.0 = Debug|Win32
		{1CE0C345-7A7A-4072-8E69-F47C950C87D9}.Release|x64.ActiveCfg = Release|x64
		{1CE0C345-7A7A-4072-8E69-F47C950C87D9}.Release|x64.Build.0 = Release|x64
		{1CE0C345-7A7A-4072-8E69-F47C950C87D9}.Release|x86.ActiveCfg = Release|Win32
		{1CE0C345-7A7A-4072-8E69-F47C950C87D9}.Release|x86.Build.0 = Release|Win32
		{74208C80-316E-4EF3-8EC8-D73A2B6F1197}.Debug|x64.ActiveCfg = Debug|x64
		{74208C80-316E-4EF3-8EC8-D73A2B6F1197}.Debug|x64.Build.0 = Debug|x64
		{74208C80-316E-4EF3-8EC8-D73A2B6F1197}.Debug|x86.ActiveCfg = Debug|Win32
		{74208C80-316E-4EF3-8EC8-D73A2B6F1197}.Debug|x86.Build.0 = Debug|Win32
		{74208C80-316E-4EF3-8EC8-D73A2B6F1197}.Release|x64.ActiveCfg = Release|x64
		{74208C80-316E-4EF3-8EC8-D73A2B6F1197}.Release|x64.Build.0 = Release|x64
		{74208C80-316E-4EF3-8EC8-D73A2B6F1197}.Release|x86.ActiveCfg = Release|Win32
		{74208C80-316E-4EF3-8EC8-D73A2B6F1197}.Release|x86.Build.0 = Release|Win32
		{B97778C4-5502-4942-A3FB-46B0D923E6FF}.Debug|x64.ActiveCfg = Debug|x64
		{B97778C4-5502-4942-A3FB-46B0D923E6FF}.Debug|x64.Build.0 = Debug|x64
		{B97778C4-5502-4942-A3FB-46B0D923E6FF}.Debug|x86.ActiveCfg = Debug|x64
		{B97778C4-5502-4942-A3FB-46B0D923E6FF}.Debug|x86.Build.0 = Debug|x64
		{B97778C4-5502-4942-A3FB-46B0D923E6FF}.Release|x64.ActiveCfg = Release|x64
		{B97778C4-5502-4942-A3FB-46B0D923E6FF}.Release|x64.Build.0 = Release|x64
		{B97778C4-5502-4942-A3FB-46B0D923E6FF}.Release|x86.ActiveCfg = Release|x64
		{B97778C4-5502-4942-A3FB-46B0D923E6FF}.Release|x86.Build.0 = Release|x64
	EndGlobalSection
	GlobalSection(SolutionProperties) = preSolution
		HideSolutionNode = FALSE
	EndGlobalSection
	GlobalSection(ExtensibilityGlobals) = postSolution
		SolutionGuid = {7BD03331-778D-469D-A08E-D4A7B1C43B70}
	EndGlobalSection
EndGlobal
